
Microsoft Visual Studio Solution File, Format Version 12.00
# Visual Studio Version 17
VisualStudioVersion = 17.4.33122.133
MinimumVisualStudioVersion = 10.0.40219.1
Project("{FAE04EC0-301F-11D3-BF4B-00C04F79EFBC}") = "DesignPatterns", "DesignPatterns\DesignPatterns.csproj", "{187E2421-8B85-4883-B857-B3AC669D73A0}"
EndProject
Project("{FAE04EC0-301F-11D3-BF4B-00C04F79EFBC}") = "BehavioralDesignPattern", "BehavioralDesignPattern\BehavioralDesignPattern.csproj", "{E4FC5437-CD3C-4FAD-8F5F-E20145EAC274}"
EndProject
Global
	GlobalSection(SolutionConfigurationPlatforms) = preSolution
		Debug|Any CPU = Debug|Any CPU
		Release|Any CPU = Release|Any CPU
	EndGlobalSection
	GlobalSection(ProjectConfigurationPlatforms) = postSolution
		{187E2421-8B85-4883-B857-B3AC669D73A0}.Debug|Any CPU.ActiveCfg = Debug|Any CPU
		{187E2421-8B85-4883-B857-B3AC669D73A0}.Debug|Any CPU.Build.0 = Debug|Any CPU
		{187E2421-8B85-4883-B857-B3AC669D73A0}.Release|Any CPU.ActiveCfg = Release|Any CPU
		{187E2421-8B85-4883-B857-B3AC669D73A0}.Release|Any CPU.Build.0 = Release|Any CPU
		{E4FC5437-CD3C-4FAD-8F5F-E20145EAC274}.Debug|Any CPU.ActiveCfg = Debug|Any CPU
		{E4FC5437-CD3C-4FAD-8F5F-E20145EAC274}.Debug|Any CPU.Build.0 = Debug|Any CPU
		{E4FC5437-CD3C-4FAD-8F5F-E20145EAC274}.Release|Any CPU.ActiveCfg = Release|Any CPU
		{E4FC5437-CD3C-4FAD-8F5F-E20145EAC274}.Release|Any CPU.Build.0 = Release|Any CPU
	EndGlobalSection
	GlobalSection(SolutionProperties) = preSolution
		HideSolutionNode = FALSE
	EndGlobalSection
	GlobalSection(ExtensibilityGlobals) = postSolution
		SolutionGuid = {48C84926-7B72-4380-A8AA-DEDB5ADAE85B}
	EndGlobalSection
EndGlobal
